
Microsoft Visual Studio Solution File, Format Version 12.00
Project("{FAE04EC0-301F-11D3-BF4B-00C04F79EFBC}") = "NL2SQL", "NL2SQL\NL2SQL.csproj", "{567A7C31-D706-4103-A01B-160C5CD05C6D}"
EndProject
Global
	GlobalSection(SolutionConfigurationPlatforms) = preSolution
		Debug|Any CPU = Debug|Any CPU
		Release|Any CPU = Release|Any CPU
	EndGlobalSection
	GlobalSection(ProjectConfigurationPlatforms) = postSolution
		{567A7C31-D706-4103-A01B-160C5CD05C6D}.Debug|Any CPU.ActiveCfg = Debug|Any CPU
		{567A7C31-D706-4103-A01B-160C5CD05C6D}.Debug|Any CPU.Build.0 = Debug|Any CPU
		{567A7C31-D706-4103-A01B-160C5CD05C6D}.Release|Any CPU.ActiveCfg = Release|Any CPU
		{567A7C31-D706-4103-A01B-160C5CD05C6D}.Release|Any CPU.Build.0 = Release|Any CPU
	EndGlobalSection
EndGlobal
